// !$*UTF8*$!
{
	archiveVersion = 1;
	classes = {
	};
	objectVersion = 50;
	objects = {

/* Begin PBXBuildFile section */
		DFEC2053249A3907006D3241 /* AppDelegate.swift in Sources */ = {isa = PBXBuildFile; fileRef = DFEC2052249A3907006D3241 /* AppDelegate.swift */; };
		DFEC2055249A3907006D3241 /* SceneDelegate.swift in Sources */ = {isa = PBXBuildFile; fileRef = DFEC2054249A3907006D3241 /* SceneDelegate.swift */; };
		DFEC2057249A3907006D3241 /* PokemonListViewController.swift in Sources */ = {isa = PBXBuildFile; fileRef = DFEC2056249A3907006D3241 /* PokemonListViewController.swift */; };
		DFEC205A249A3907006D3241 /* Main.storyboard in Resources */ = {isa = PBXBuildFile; fileRef = DFEC2058249A3907006D3241 /* Main.storyboard */; };
		DFEC205D249A3907006D3241 /* Pokedex.xcdatamodeld in Sources */ = {isa = PBXBuildFile; fileRef = DFEC205B249A3907006D3241 /* Pokedex.xcdatamodeld */; };
		DFEC205F249A390F006D3241 /* Assets.xcassets in Resources */ = {isa = PBXBuildFile; fileRef = DFEC205E249A390F006D3241 /* Assets.xcassets */; };
		DFEC2062249A390F006D3241 /* LaunchScreen.storyboard in Resources */ = {isa = PBXBuildFile; fileRef = DFEC2060249A390F006D3241 /* LaunchScreen.storyboard */; };
		DFEC206A249A3EAA006D3241 /* PokemonTableViewCell.swift in Sources */ = {isa = PBXBuildFile; fileRef = DFEC2069249A3EAA006D3241 /* PokemonTableViewCell.swift */; };
		DFEC206C249A3F4E006D3241 /* PokemonDetailViewController.swift in Sources */ = {isa = PBXBuildFile; fileRef = DFEC206B249A3F4E006D3241 /* PokemonDetailViewController.swift */; };
		DFEC206E249A411F006D3241 /* PokemonViewModel.swift in Sources */ = {isa = PBXBuildFile; fileRef = DFEC206D249A411F006D3241 /* PokemonViewModel.swift */; };
		DFEC2070249A51C4006D3241 /* AddPokemonViewController.swift in Sources */ = {isa = PBXBuildFile; fileRef = DFEC206F249A51C4006D3241 /* AddPokemonViewController.swift */; };
/* End PBXBuildFile section */

/* Begin PBXFileReference section */
		DFEC204F249A3907006D3241 /* Pokedex.app */ = {isa = PBXFileReference; explicitFileType = wrapper.application; includeInIndex = 0; path = Pokedex.app; sourceTree = BUILT_PRODUCTS_DIR; };
		DFEC2052249A3907006D3241 /* AppDelegate.swift */ = {isa = PBXFileReference; lastKnownFileType = sourcecode.swift; path = AppDelegate.swift; sourceTree = "<group>"; };
		DFEC2054249A3907006D3241 /* SceneDelegate.swift */ = {isa = PBXFileReference; lastKnownFileType = sourcecode.swift; path = SceneDelegate.swift; sourceTree = "<group>"; };
		DFEC2056249A3907006D3241 /* PokemonListViewController.swift */ = {isa = PBXFileReference; lastKnownFileType = sourcecode.swift; path = PokemonListViewController.swift; sourceTree = "<group>"; };
		DFEC2059249A3907006D3241 /* Base */ = {isa = PBXFileReference; lastKnownFileType = file.storyboard; name = Base; path = Base.lproj/Main.storyboard; sourceTree = "<group>"; };
		DFEC205C249A3907006D3241 /* Pokedex.xcdatamodel */ = {isa = PBXFileReference; lastKnownFileType = wrapper.xcdatamodel; path = Pokedex.xcdatamodel; sourceTree = "<group>"; };
		DFEC205E249A390F006D3241 /* Assets.xcassets */ = {isa = PBXFileReference; lastKnownFileType = folder.assetcatalog; path = Assets.xcassets; sourceTree = "<group>"; };
		DFEC2061249A390F006D3241 /* Base */ = {isa = PBXFileReference; lastKnownFileType = file.storyboard; name = Base; path = Base.lproj/LaunchScreen.storyboard; sourceTree = "<group>"; };
		DFEC2063249A390F006D3241 /* Info.plist */ = {isa = PBXFileReference; lastKnownFileType = text.plist.xml; path = Info.plist; sourceTree = "<group>"; };
		DFEC2069249A3EAA006D3241 /* PokemonTableViewCell.swift */ = {isa = PBXFileReference; lastKnownFileType = sourcecode.swift; path = PokemonTableViewCell.swift; sourceTree = "<group>"; };
		DFEC206B249A3F4E006D3241 /* PokemonDetailViewController.swift */ = {isa = PBXFileReference; lastKnownFileType = sourcecode.swift; path = PokemonDetailViewController.swift; sourceTree = "<group>"; };
		DFEC206D249A411F006D3241 /* PokemonViewModel.swift */ = {isa = PBXFileReference; lastKnownFileType = sourcecode.swift; path = PokemonViewModel.swift; sourceTree = "<group>"; };
		DFEC206F249A51C4006D3241 /* AddPokemonViewController.swift */ = {isa = PBXFileReference; lastKnownFileType = sourcecode.swift; path = AddPokemonViewController.swift; sourceTree = "<group>"; };
/* End PBXFileReference section */

/* Begin PBXFrameworksBuildPhase section */
		DFEC204C249A3907006D3241 /* Frameworks */ = {
			isa = PBXFrameworksBuildPhase;
			buildActionMask = 2147483647;
			files = (
			);
			runOnlyForDeploymentPostprocessing = 0;
		};
/* End PBXFrameworksBuildPhase section */

/* Begin PBXGroup section */
		DFEC2046249A3907006D3241 = {
			isa = PBXGroup;
			children = (
				DFEC2051249A3907006D3241 /* Pokedex */,
				DFEC2050249A3907006D3241 /* Products */,
			);
			sourceTree = "<group>";
		};
		DFEC2050249A3907006D3241 /* Products */ = {
			isa = PBXGroup;
			children = (
				DFEC204F249A3907006D3241 /* Pokedex.app */,
			);
			name = Products;
			sourceTree = "<group>";
		};
		DFEC2051249A3907006D3241 /* Pokedex */ = {
			isa = PBXGroup;
			children = (
				DFEC2052249A3907006D3241 /* AppDelegate.swift */,
				DFEC2054249A3907006D3241 /* SceneDelegate.swift */,
				DFEC206D249A411F006D3241 /* PokemonViewModel.swift */,
				DFEC2056249A3907006D3241 /* PokemonListViewController.swift */,
				DFEC2069249A3EAA006D3241 /* PokemonTableViewCell.swift */,
				DFEC206F249A51C4006D3241 /* AddPokemonViewController.swift */,
				DFEC206B249A3F4E006D3241 /* PokemonDetailViewController.swift */,
				DFEC2058249A3907006D3241 /* Main.storyboard */,
				DFEC205E249A390F006D3241 /* Assets.xcassets */,
				DFEC2060249A390F006D3241 /* LaunchScreen.storyboard */,
				DFEC2063249A390F006D3241 /* Info.plist */,
				DFEC205B249A3907006D3241 /* Pokedex.xcdatamodeld */,
			);
			path = Pokedex;
			sourceTree = "<group>";
		};
/* End PBXGroup section */

/* Begin PBXNativeTarget section */
		DFEC204E249A3907006D3241 /* Pokedex */ = {
			isa = PBXNativeTarget;
			buildConfigurationList = DFEC2066249A390F006D3241 /* Build configuration list for PBXNativeTarget "Pokedex" */;
			buildPhases = (
				DFEC204B249A3907006D3241 /* Sources */,
				DFEC204C249A3907006D3241 /* Frameworks */,
				DFEC204D249A3907006D3241 /* Resources */,
			);
			buildRules = (
			);
			dependencies = (
			);
			name = Pokedex;
			productName = Pokedex;
			productReference = DFEC204F249A3907006D3241 /* Pokedex.app */;
			productType = "com.apple.product-type.application";
		};
/* End PBXNativeTarget section */

/* Begin PBXProject section */
		DFEC2047249A3907006D3241 /* Project object */ = {
			isa = PBXProject;
			attributes = {
				LastSwiftUpdateCheck = 1130;
				LastUpgradeCheck = 1130;
				ORGANIZATIONNAME = "Mounika K";
				TargetAttributes = {
					DFEC204E249A3907006D3241 = {
						CreatedOnToolsVersion = 11.3.1;
					};
				};
			};
			buildConfigurationList = DFEC204A249A3907006D3241 /* Build configuration list for PBXProject "Pokedex" */;
			compatibilityVersion = "Xcode 9.3";
			developmentRegion = en;
			hasScannedForEncodings = 0;
			knownRegions = (
				en,
				Base,
			);
			mainGroup = DFEC2046249A3907006D3241;
			productRefGroup = DFEC2050249A3907006D3241 /* Products */;
			projectDirPath = "";
			projectRoot = "";
			targets = (
				DFEC204E249A3907006D3241 /* Pokedex */,
			);
		};
/* End PBXProject section */

/* Begin PBXResourcesBuildPhase section */
		DFEC204D249A3907006D3241 /* Resources */ = {
			isa = PBXResourcesBuildPhase;
			buildActionMask = 2147483647;
			files = (
				DFEC2062249A390F006D3241 /* LaunchScreen.storyboard in Resources */,
				DFEC205F249A390F006D3241 /* Assets.xcassets in Resources */,
				DFEC205A249A3907006D3241 /* Main.storyboard in Resources */,
			);
			runOnlyForDeploymentPostprocessing = 0;
		};
/* End PBXResourcesBuildPhase section */

/* Begin PBXSourcesBuildPhase section */
		DFEC204B249A3907006D3241 /* Sources */ = {
			isa = PBXSourcesBuildPhase;
			buildActionMask = 2147483647;
			files = (
				DFEC205D249A3907006D3241 /* Pokedex.xcdatamodeld in Sources */,
				DFEC2057249A3907006D3241 /* PokemonListViewController.swift in Sources */,
				DFEC2070249A51C4006D3241 /* AddPokemonViewController.swift in Sources */,
				DFEC2053249A3907006D3241 /* AppDelegate.swift in Sources */,
				DFEC206E249A411F006D3241 /* PokemonViewModel.swift in Sources */,
				DFEC206A249A3EAA006D3241 /* PokemonTableViewCell.swift in Sources */,
				DFEC2055249A3907006D3241 /* SceneDelegate.swift in Sources */,
				DFEC206C249A3F4E006D3241 /* PokemonDetailViewController.swift in Sources */,
			);
			runOnlyForDeploymentPostprocessing = 0;
		};
/* End PBXSourcesBuildPhase section */

/* Begin PBXVariantGroup section */
		DFEC2058249A3907006D3241 /* Main.storyboard */ = {
			isa = PBXVariantGroup;
			children = (
				DFEC2059249A3907006D3241 /* Base */,
			);
			name = Main.storyboard;
			sourceTree = "<group>";
		};
		DFEC2060249A390F006D3241 /* LaunchScreen.storyboard */ = {
			isa = PBXVariantGroup;
			children = (
				DFEC2061249A390F006D3241 /* Base */,
			);
			name = LaunchScreen.storyboard;
			sourceTree = "<group>";
		};
/* End PBXVariantGroup section */

/* Begin XCBuildConfiguration section */
		DFEC2064249A390F006D3241 /* Debug */ = {
			isa = XCBuildConfiguration;
			buildSettings = {
				ALWAYS_SEARCH_USER_PATHS = NO;
				CLANG_ANALYZER_NONNULL = YES;
				CLANG_ANALYZER_NUMBER_OBJECT_CONVERSION = YES_AGGRESSIVE;
				CLANG_CXX_LANGUAGE_STANDARD = "gnu++14";
				CLANG_CXX_LIBRARY = "libc++";
				CLANG_ENABLE_MODULES = YES;
				CLANG_ENABLE_OBJC_ARC = YES;
				CLANG_ENABLE_OBJC_WEAK = YES;
				CLANG_WARN_BLOCK_CAPTURE_AUTORELEASING = YES;
				CLANG_WARN_BOOL_CONVERSION = YES;
				CLANG_WARN_COMMA = YES;
				CLANG_WARN_CONSTANT_CONVERSION = YES;
				CLANG_WARN_DEPRECATED_OBJC_IMPLEMENTATIONS = YES;
				CLANG_WARN_DIRECT_OBJC_ISA_USAGE = YES_ERROR;
				CLANG_WARN_DOCUMENTATION_COMMENTS = YES;
				CLANG_WARN_EMPTY_BODY = YES;
				CLANG_WARN_ENUM_CONVERSION = YES;
				CLANG_WARN_INFINITE_RECURSION = YES;
				CLANG_WARN_INT_CONVERSION = YES;
				CLANG_WARN_NON_LITERAL_NULL_CONVERSION = YES;
				CLANG_WARN_OBJC_IMPLICIT_RETAIN_SELF = YES;
				CLANG_WARN_OBJC_LITERAL_CONVERSION = YES;
				CLANG_WARN_OBJC_ROOT_CLASS = YES_ERROR;
				CLANG_WARN_RANGE_LOOP_ANALYSIS = YES;
				CLANG_WARN_STRICT_PROTOTYPES = YES;
				CLANG_WARN_SUSPICIOUS_MOVE = YES;
				CLANG_WARN_UNGUARDED_AVAILABILITY = YES_AGGRESSIVE;
				CLANG_WARN_UNREACHABLE_CODE = YES;
				CLANG_WARN__DUPLICATE_METHOD_MATCH = YES;
				COPY_PHASE_STRIP = NO;
				DEBUG_INFORMATION_FORMAT = dwarf;
				ENABLE_STRICT_OBJC_MSGSEND = YES;
				ENABLE_TESTABILITY = YES;
				GCC_C_LANGUAGE_STANDARD = gnu11;
				GCC_DYNAMIC_NO_PIC = NO;
				GCC_NO_COMMON_BLOCKS = YES;
				GCC_OPTIMIZATION_LEVEL = 0;
				GCC_PREPROCESSOR_DEFINITIONS = (
					"DEBUG=1",
					"$(inherited)",
				);
				GCC_WARN_64_TO_32_BIT_CONVERSION = YES;
				GCC_WARN_ABOUT_RETURN_TYPE = YES_ERROR;
				GCC_WARN_UNDECLARED_SELECTOR = YES;
				GCC_WARN_UNINITIALIZED_AUTOS = YES_AGGRESSIVE;
				GCC_WARN_UNUSED_FUNCTION = YES;
				GCC_WARN_UNUSED_VARIABLE = YES;
				IPHONEOS_DEPLOYMENT_TARGET = 13.2;
				MTL_ENABLE_DEBUG_INFO = INCLUDE_SOURCE;
				MTL_FAST_MATH = YES;
				ONLY_ACTIVE_ARCH = YES;
				SDKROOT = iphoneos;
				SWIFT_ACTIVE_COMPILATION_CONDITIONS = DEBUG;
				SWIFT_OPTIMIZATION_LEVEL = "-Onone";
			};
			name = Debug;
		};
		DFEC2065249A390F006D3241 /* Release */ = {
			isa = XCBuildConfiguration;
			buildSettings = {
				ALWAYS_SEARCH_USER_PATHS = NO;
				CLANG_ANALYZER_NONNULL = YES;
				CLANG_ANALYZER_NUMBER_OBJECT_CONVERSION = YES_AGGRESSIVE;
				CLANG_CXX_LANGUAGE_STANDARD = "gnu++14";
				CLANG_CXX_LIBRARY = "libc++";
				CLANG_ENABLE_MODULES = YES;
				CLANG_ENABLE_OBJC_ARC = YES;
				CLANG_ENABLE_OBJC_WEAK = YES;
				CLANG_WARN_BLOCK_CAPTURE_AUTORELEASING = YES;
				CLANG_WARN_BOOL_CONVERSION = YES;
				CLANG_WARN_COMMA = YES;
				CLANG_WARN_CONSTANT_CONVERSION = YES;
				CLANG_WARN_DEPRECATED_OBJC_IMPLEMENTATIONS = YES;
				CLANG_WARN_DIRECT_OBJC_ISA_USAGE = YES_ERROR;
				CLANG_WARN_DOCUMENTATION_COMMENTS = YES;
				CLANG_WARN_EMPTY_BODY = YES;
				CLANG_WARN_ENUM_CONVERSION = YES;
				CLANG_WARN_INFINITE_RECURSION = YES;
				CLANG_WARN_INT_CONVERSION = YES;
				CLANG_WARN_NON_LITERAL_NULL_CONVERSION = YES;
				CLANG_WARN_OBJC_IMPLICIT_RETAIN_SELF = YES;
				CLANG_WARN_OBJC_LITERAL_CONVERSION = YES;
				CLANG_WARN_OBJC_ROOT_CLASS = YES_ERROR;
				CLANG_WARN_RANGE_LOOP_ANALYSIS = YES;
				CLANG_WARN_STRICT_PROTOTYPES = YES;
				CLANG_WARN_SUSPICIOUS_MOVE = YES;
				CLANG_WARN_UNGUARDED_AVAILABILITY = YES_AGGRESSIVE;
				CLANG_WARN_UNREACHABLE_CODE = YES;
				CLANG_WARN__DUPLICATE_METHOD_MATCH = YES;
				COPY_PHASE_STRIP = NO;
				DEBUG_INFORMATION_FORMAT = "dwarf-with-dsym";
				ENABLE_NS_ASSERTIONS = NO;
				ENABLE_STRICT_OBJC_MSGSEND = YES;
				GCC_C_LANGUAGE_STANDARD = gnu11;
				GCC_NO_COMMON_BLOCKS = YES;
				GCC_WARN_64_TO_32_BIT_CONVERSION = YES;
				GCC_WARN_ABOUT_RETURN_TYPE = YES_ERROR;
				GCC_WARN_UNDECLARED_SELECTOR = YES;
				GCC_WARN_UNINITIALIZED_AUTOS = YES_AGGRESSIVE;
				GCC_WARN_UNUSED_FUNCTION = YES;
				GCC_WARN_UNUSED_VARIABLE = YES;
				IPHONEOS_DEPLOYMENT_TARGET = 13.2;
				MTL_ENABLE_DEBUG_INFO = NO;
				MTL_FAST_MATH = YES;
				SDKROOT = iphoneos;
				SWIFT_COMPILATION_MODE = wholemodule;
				SWIFT_OPTIMIZATION_LEVEL = "-O";
				VALIDATE_PRODUCT = YES;
			};
			name = Release;
		};
		DFEC2067249A390F006D3241 /* Debug */ = {
			isa = XCBuildConfiguration;
			buildSettings = {
				ASSETCATALOG_COMPILER_APPICON_NAME = AppIcon;
				CODE_SIGN_STYLE = Automatic;
				INFOPLIST_FILE = Pokedex/Info.plist;
				LD_RUNPATH_SEARCH_PATHS = (
					"$(inherited)",
					"@executable_path/Frameworks",
				);
				PRODUCT_BUNDLE_IDENTIFIER = task.Pokedex;
				PRODUCT_NAME = "$(TARGET_NAME)";
				SWIFT_VERSION = 5.0;
				TARGETED_DEVICE_FAMILY = "1,2";
			};
			name = Debug;
		};
		DFEC2068249A390F006D3241 /* Release */ = {
			isa = XCBuildConfiguration;
			buildSettings = {
				ASSETCATALOG_COMPILER_APPICON_NAME = AppIcon;
				CODE_SIGN_STYLE = Automatic;
				INFOPLIST_FILE = Pokedex/Info.plist;
				LD_RUNPATH_SEARCH_PATHS = (
					"$(inherited)",
					"@executable_path/Frameworks",
				);
				PRODUCT_BUNDLE_IDENTIFIER = task.Pokedex;
				PRODUCT_NAME = "$(TARGET_NAME)";
				SWIFT_VERSION = 5.0;
				TARGETED_DEVICE_FAMILY = "1,2";
			};
			name = Release;
		};
/* End XCBuildConfiguration section */

/* Begin XCConfigurationList section */
		DFEC204A249A3907006D3241 /* Build configuration list for PBXProject "Pokedex" */ = {
			isa = XCConfigurationList;
			buildConfigurations = (
				DFEC2064249A390F006D3241 /* Debug */,
				DFEC2065249A390F006D3241 /* Release */,
			);
			defaultConfigurationIsVisible = 0;
			defaultConfigurationName = Release;
		};
		DFEC2066249A390F006D3241 /* Build configuration list for PBXNativeTarget "Pokedex" */ = {
			isa = XCConfigurationList;
			buildConfigurations = (
				DFEC2067249A390F006D3241 /* Debug */,
				DFEC2068249A390F006D3241 /* Release */,
			);
			defaultConfigurationIsVisible = 0;
			defaultConfigurationName = Release;
		};
/* End XCConfigurationList section */

/* Begin XCVersionGroup section */
		DFEC205B249A3907006D3241 /* Pokedex.xcdatamodeld */ = {
			isa = XCVersionGroup;
			children = (
				DFEC205C249A3907006D3241 /* Pokedex.xcdatamodel */,
			);
			currentVersion = DFEC205C249A3907006D3241 /* Pokedex.xcdatamodel */;
			path = Pokedex.xcdatamodeld;
			sourceTree = "<group>";
			versionGroupType = wrapper.xcdatamodel;
		};
/* End XCVersionGroup section */
	};
	rootObject = DFEC2047249A3907006D3241 /* Project object */;
}
